PODS:
  - MicrosoftCognitiveServicesSpeech-iOS (1.43.0)

DEPENDENCIES:
  - MicrosoftCognitiveServicesSpeech-iOS (~> 1.43.0)

SPEC REPOS:
  trunk:
    - MicrosoftCognitiveServicesSpeech-iOS

SPEC CHECKSUMS:
  MicrosoftCognitiveServicesSpeech-iOS: 6e4411d2c57acce23266025d06afae8c405633c6

PODFILE CHECKSUM: efdeb167b52ec43a1466428b9d164fc69bdcbe5d

COCOAPODS: 1.16.2
